
Microsoft Visual Studio Solution File, Format Version 12.00
# Visual Studio Version 16
VisualStudioVersion = 16.0.32126.315
MinimumVisualStudioVersion = 10.0.40219.1
Project("{FAE04EC0-301F-11D3-BF4B-00C04F79EFBC}") = "SinglePage", "SinglePage\SinglePage.csproj", "{C54FB46B-07B7-4EBD-9822-0FFFBF9724A7}"
EndProject
Global
	GlobalSection(SolutionConfigurationPlatforms) = preSolution
		Debug|Any CPU = Debug|Any CPU
		Release|Any CPU = Release|Any CPU
	EndGlobalSection
	GlobalSection(ProjectConfigurationPlatforms) = postSolution
		{C54FB46B-07B7-4EBD-9822-0FFFBF9724A7}.Debug|Any CPU.ActiveCfg = Debug|Any CPU
		{C54FB46B-07B7-4EBD-9822-0FFFBF9724A7}.Debug|Any CPU.Build.0 = Debug|Any CPU
		{C54FB46B-07B7-4EBD-9822-0FFFBF9724A7}.Release|Any CPU.ActiveCfg = Release|Any CPU
		{C54FB46B-07B7-4EBD-9822-0FFFBF9724A7}.Release|Any CPU.Build.0 = Release|Any CPU
	EndGlobalSection
	GlobalSection(SolutionProperties) = preSolution
		HideSolutionNode = FALSE
	EndGlobalSection
	GlobalSection(ExtensibilityGlobals) = postSolution
		SolutionGuid = {4EA7FE32-81BA-4D17-ADA4-0E73498E219C}
	EndGlobalSection
EndGlobal
